{
  "lockfileVersion": 1,
  "configVersion": 1,
  "workspaces": {
    "": {
      "name": "@franlol/opencode-mdtf",
      "devDependencies": {
        "@types/bun": "^1.3.9",
      },
      "peerDependencies": {
        "@opencode-ai/plugin": ">=0.13.7",
      },
    },
  },
  "packages": {
    "@opencode-ai/plugin": ["@opencode-ai/plugin@1.0.132", "", { "dependencies": { "@opencode-ai/sdk": "1.0.132", "zod": "4.1.8" } }, "sha512-C1YzpGczWmefoHuedMrh4xCKUKPgP000n4Ant7GUUORk3OKHDVNW/V+6NPiH8T/kbsMN+D1tYs74NF6C2vQD2Q=="],

    "@opencode-ai/sdk": ["@opencode-ai/sdk@1.0.132", "", {}, "sha512-3A9XjPKnJmRnnu1E3QjI3p6cjtQhsCYdV/xuYOf6FrNSyMYMlGTVI5cXDB1e7flMJBiciBXt1ba9QFukG4+Lpg=="],

    "@types/bun": ["@types/bun@1.3.9", "", { "dependencies": { "bun-types": "1.3.9" } }, "sha512-KQ571yULOdWJiMH+RIWIOZ7B2RXQGpL1YQrBtLIV3FqDcCu6FsbFUBwhdKUlCKUpS3PJDsHlJ1QKlpxoVR+xtw=="],

    "@types/node": ["@types/node@25.3.1", "", { "dependencies": { "undici-types": "~7.18.0" } }, "sha512-hj9YIJimBCipHVfHKRMnvmHg+wfhKc0o4mTtXh9pKBjC8TLJzz0nzGmLi5UJsYAUgSvXFHgb0V2oY10DUFtImw=="],

    "bun-types": ["bun-types@1.3.9", "", { "dependencies": { "@types/node": "*" } }, "sha512-+UBWWOakIP4Tswh0Bt0QD0alpTY8cb5hvgiYeWCMet9YukHbzuruIEeXC2D7nMJPB12kbh8C7XJykSexEqGKJg=="],

    "undici-types": ["undici-types@7.18.2", "", {}, "sha512-AsuCzffGHJybSaRrmr5eHr81mwJU3kjw6M+uprWvCXiNeN9SOGwQ3Jn8jb8m3Z6izVgknn1R0FTCEAP2QrLY/w=="],

    "zod": ["zod@4.1.8", "", {}, "sha512-5R1P+WwQqmmMIEACyzSvo4JXHY5WiAFHRMg+zBZKgKS+Q1viRa0C1hmUKtHltoIFKtIdki3pRxkmpP74jnNYHQ=="],
  }
}
